<?xml version="1.0" encoding="UTF-8" standalone="yes" ?>
<CodeBlocks_project_file>
	<FileVersion major="1" minor="6" />
	<Project>
		<Option title="server" />
		<Option pch_mode="2" />
		<Option compiler="gcc" />
		<Build>
			<Target title="Debug">
				<Option output="bin/Debug/server" prefix_auto="1" extension_auto="1" />
				<Option object_output="obj/Debug/" />
				<Option type="1" />
				<Option compiler="gcc" />
				<Option parameters="/home/aaronmr/Server_RTAI/include/TCP_RTAI/ServerFile.cfg" />
				<Compiler>
					<Add option="-g" />
					<Add option="-L/usr/realtime/lib" />
				</Compiler>
				<Linker>
					<Add option="-I/usr/realtime/include -O2" />
					<Add option="-I/usr/src/linux/include -Wall -Wstrict-prototypes -pipe" />
					<Add option="-lpthread" />
				</Linker>
			</Target>
			<Target title="Release">
				<Option output="bin/Release/server" prefix_auto="1" extension_auto="1" />
				<Option object_output="obj/Release/" />
				<Option type="1" />
				<Option compiler="gcc" />
				<Compiler>
					<Add option="-O2" />
				</Compiler>
				<Linker>
					<Add option="-s" />
				</Linker>
			</Target>
		</Build>
		<Compiler>
			<Add option="-Wall" />
			<Add option="-fexceptions" />
			<Add directory="/home/aaronmr/Server_RTAI/include/TCP_RTAI" />
			<Add directory="/usr/realtime/include" />
		</Compiler>
		<Unit filename="include/TCP_RTAI/AaronMR_S.cpp" />
		<Unit filename="include/TCP_RTAI/AaronMR_S.hpp" />
		<Unit filename="include/TCP_RTAI/ServerFile.cfg" />
		<Unit filename="include/TCP_RTAI/SocketException.h" />
		<Unit filename="include/TCP_RTAI/comStruc.h" />
		<Unit filename="include/TCP_RTAI/pack2.cpp" />
		<Unit filename="include/TCP_RTAI/pack2.hpp" />
		<Unit filename="include/TCP_RTAI/parser.cpp" />
		<Unit filename="include/TCP_RTAI/parser.h" />
		<Unit filename="include/TCP_RTAI/process_1.cfg" />
		<Unit filename="include/TCP_RTAI/process_2.cfg" />
		<Unit filename="include/TCP_RTAI/process_3.cfg" />
		<Unit filename="include/TCP_RTAI/structType_S.hpp" />
		<Unit filename="include/TCP_RTAI/struct_Joy_S.cpp" />
		<Unit filename="include/TCP_RTAI/struct_Odometry.cpp" />
		<Unit filename="include/TCP_RTAI/struct_Pose.hpp" />
		<Unit filename="include/TCP_RTAI/struct_Pose_S.cpp" />
		<Unit filename="include/TCP_RTAI/struct_Twist_S.cpp" />
		<Unit filename="include/TCP_RTAI/struct_comStruc.cpp" />
		<Unit filename="include/TCP_RTAI/struct_posWheels.cpp" />
		<Unit filename="main.cpp" />
		<Extensions>
			<envvars />
			<code_completion />
			<debugger />
			<lib_finder disable_auto="1" />
		</Extensions>
	</Project>
</CodeBlocks_project_file>
